// !$*UTF8*$!
{
	archiveVersion = 1;
	classes = {
	};
	objectVersion = 55;
	objects = {

/* Begin PBXBuildFile section */
		4C2F6FFC281A8E260036A1D4 /* TaskViewModel.swift in Sources */ = {isa = PBXBuildFile; fileRef = 4C2F6FFB281A8E260036A1D4 /* TaskViewModel.swift */; };
		4C2F6FFF281A8E4A0036A1D4 /* HomeView.swift in Sources */ = {isa = PBXBuildFile; fileRef = 4C2F6FFE281A8E4A0036A1D4 /* HomeView.swift */; };
		4C2F7006281A962A0036A1D4 /* DynamicFilteredView.swift in Sources */ = {isa = PBXBuildFile; fileRef = 4C2F7005281A962A0036A1D4 /* DynamicFilteredView.swift */; };
		4C2F7008281A9E1B0036A1D4 /* NewTask.swift in Sources */ = {isa = PBXBuildFile; fileRef = 4C2F7007281A9E1B0036A1D4 /* NewTask.swift */; };
		4C6CD304281977600015018F /* TaskManagerCoreDataSwiftUIApp.swift in Sources */ = {isa = PBXBuildFile; fileRef = 4C6CD303281977600015018F /* TaskManagerCoreDataSwiftUIApp.swift */; };
		4C6CD306281977600015018F /* ContentView.swift in Sources */ = {isa = PBXBuildFile; fileRef = 4C6CD305281977600015018F /* ContentView.swift */; };
		4C6CD308281977620015018F /* Assets.xcassets in Resources */ = {isa = PBXBuildFile; fileRef = 4C6CD307281977620015018F /* Assets.xcassets */; };
		4C6CD30B281977620015018F /* Preview Assets.xcassets in Resources */ = {isa = PBXBuildFile; fileRef = 4C6CD30A281977620015018F /* Preview Assets.xcassets */; };
		4C6CD30D281977620015018F /* Persistence.swift in Sources */ = {isa = PBXBuildFile; fileRef = 4C6CD30C281977620015018F /* Persistence.swift */; };
		4C6CD310281977620015018F /* TaskManagerCoreDataSwiftUI.xcdatamodeld in Sources */ = {isa = PBXBuildFile; fileRef = 4C6CD30E281977620015018F /* TaskManagerCoreDataSwiftUI.xcdatamodeld */; };
		E026F5C48370C5E95AE869D4 /* Pods_TaskManagerCoreDataSwiftUI.framework in Frameworks */ = {isa = PBXBuildFile; fileRef = 604828115B213EE8DC50FEEB /* Pods_TaskManagerCoreDataSwiftUI.framework */; };
/* End PBXBuildFile section */

/* Begin PBXFileReference section */
		1AAE8390012E998EB3854669 /* Pods-TaskManagerCoreDataSwiftUI.release.xcconfig */ = {isa = PBXFileReference; includeInIndex = 1; lastKnownFileType = text.xcconfig; name = "Pods-TaskManagerCoreDataSwiftUI.release.xcconfig"; path = "Target Support Files/Pods-TaskManagerCoreDataSwiftUI/Pods-TaskManagerCoreDataSwiftUI.release.xcconfig"; sourceTree = "<group>"; };
		4C2F6FFB281A8E260036A1D4 /* TaskViewModel.swift */ = {isa = PBXFileReference; fileEncoding = 4; lastKnownFileType = sourcecode.swift; path = TaskViewModel.swift; sourceTree = "<group>"; };
		4C2F6FFE281A8E4A0036A1D4 /* HomeView.swift */ = {isa = PBXFileReference; fileEncoding = 4; lastKnownFileType = sourcecode.swift; path = HomeView.swift; sourceTree = "<group>"; };
		4C2F7005281A962A0036A1D4 /* DynamicFilteredView.swift */ = {isa = PBXFileReference; lastKnownFileType = sourcecode.swift; path = DynamicFilteredView.swift; sourceTree = "<group>"; };
		4C2F7007281A9E1B0036A1D4 /* NewTask.swift */ = {isa = PBXFileReference; lastKnownFileType = sourcecode.swift; path = NewTask.swift; sourceTree = "<group>"; };
		4C6CD300281977600015018F /* TaskManagerCoreDataSwiftUI.app */ = {isa = PBXFileReference; explicitFileType = wrapper.application; includeInIndex = 0; path = TaskManagerCoreDataSwiftUI.app; sourceTree = BUILT_PRODUCTS_DIR; };
		4C6CD303281977600015018F /* TaskManagerCoreDataSwiftUIApp.swift */ = {isa = PBXFileReference; lastKnownFileType = sourcecode.swift; path = TaskManagerCoreDataSwiftUIApp.swift; sourceTree = "<group>"; };
		4C6CD305281977600015018F /* ContentView.swift */ = {isa = PBXFileReference; lastKnownFileType = sourcecode.swift; path = ContentView.swift; sourceTree = "<group>"; };
		4C6CD307281977620015018F /* Assets.xcassets */ = {isa = PBXFileReference; lastKnownFileType = folder.assetcatalog; path = Assets.xcassets; sourceTree = "<group>"; };
		4C6CD30A281977620015018F /* Preview Assets.xcassets */ = {isa = PBXFileReference; lastKnownFileType = folder.assetcatalog; path = "Preview Assets.xcassets"; sourceTree = "<group>"; };
		4C6CD30C281977620015018F /* Persistence.swift */ = {isa = PBXFileReference; lastKnownFileType = sourcecode.swift; path = Persistence.swift; sourceTree = "<group>"; };
		4C6CD30F281977620015018F /* TaskManagerCoreDataSwiftUI.xcdatamodel */ = {isa = PBXFileReference; lastKnownFileType = wrapper.xcdatamodel; path = TaskManagerCoreDataSwiftUI.xcdatamodel; sourceTree = "<group>"; };
		604828115B213EE8DC50FEEB /* Pods_TaskManagerCoreDataSwiftUI.framework */ = {isa = PBXFileReference; explicitFileType = wrapper.framework; includeInIndex = 0; path = Pods_TaskManagerCoreDataSwiftUI.framework; sourceTree = BUILT_PRODUCTS_DIR; };
		8AC4BF09D817673EF5C0746F /* Pods-TaskManagerCoreDataSwiftUI.debug.xcconfig */ = {isa = PBXFileReference; includeInIndex = 1; lastKnownFileType = text.xcconfig; name = "Pods-TaskManagerCoreDataSwiftUI.debug.xcconfig"; path = "Target Support Files/Pods-TaskManagerCoreDataSwiftUI/Pods-TaskManagerCoreDataSwiftUI.debug.xcconfig"; sourceTree = "<group>"; };
/* End PBXFileReference section */

/* Begin PBXFrameworksBuildPhase section */
		4C6CD2FD281977600015018F /* Frameworks */ = {
			isa = PBXFrameworksBuildPhase;
			buildActionMask = 2147483647;
			files = (
				E026F5C48370C5E95AE869D4 /* Pods_TaskManagerCoreDataSwiftUI.framework in Frameworks */,
			);
			runOnlyForDeploymentPostprocessing = 0;
		};
/* End PBXFrameworksBuildPhase section */

/* Begin PBXGroup section */
		16559805AB433001ADF5C3CE /* Frameworks */ = {
			isa = PBXGroup;
			children = (
				604828115B213EE8DC50FEEB /* Pods_TaskManagerCoreDataSwiftUI.framework */,
			);
			name = Frameworks;
			sourceTree = "<group>";
		};
		4C2F6FFA281A8E190036A1D4 /* ViewModel */ = {
			isa = PBXGroup;
			children = (
				4C2F6FFB281A8E260036A1D4 /* TaskViewModel.swift */,
			);
			path = ViewModel;
			sourceTree = "<group>";
		};
		4C2F6FFD281A8E420036A1D4 /* View */ = {
			isa = PBXGroup;
			children = (
				4C2F6FFE281A8E4A0036A1D4 /* HomeView.swift */,
				4C2F7005281A962A0036A1D4 /* DynamicFilteredView.swift */,
				4C2F7007281A9E1B0036A1D4 /* NewTask.swift */,
			);
			path = View;
			sourceTree = "<group>";
		};
		4C2F7000281A8E5F0036A1D4 /* Model */ = {
			isa = PBXGroup;
			children = (
				4C6CD303281977600015018F /* TaskManagerCoreDataSwiftUIApp.swift */,
				4C6CD30E281977620015018F /* TaskManagerCoreDataSwiftUI.xcdatamodeld */,
			);
			path = Model;
			sourceTree = "<group>";
		};
		4C6CD2F7281977600015018F = {
			isa = PBXGroup;
			children = (
				4C6CD302281977600015018F /* TaskManagerCoreDataSwiftUI */,
				4C6CD301281977600015018F /* Products */,
				B46C76DEDC56B33C16A6938B /* Pods */,
				16559805AB433001ADF5C3CE /* Frameworks */,
			);
			sourceTree = "<group>";
		};
		4C6CD301281977600015018F /* Products */ = {
			isa = PBXGroup;
			children = (
				4C6CD300281977600015018F /* TaskManagerCoreDataSwiftUI.app */,
			);
			name = Products;
			sourceTree = "<group>";
		};
		4C6CD302281977600015018F /* TaskManagerCoreDataSwiftUI */ = {
			isa = PBXGroup;
			children = (
				4C6CD305281977600015018F /* ContentView.swift */,
				4C2F7000281A8E5F0036A1D4 /* Model */,
				4C2F6FFD281A8E420036A1D4 /* View */,
				4C2F6FFA281A8E190036A1D4 /* ViewModel */,
				4C81859F281BE37400411C6D /* Other */,
				4C6CD309281977620015018F /* Preview Content */,
			);
			path = TaskManagerCoreDataSwiftUI;
			sourceTree = "<group>";
		};
		4C6CD309281977620015018F /* Preview Content */ = {
			isa = PBXGroup;
			children = (
				4C6CD30A281977620015018F /* Preview Assets.xcassets */,
			);
			path = "Preview Content";
			sourceTree = "<group>";
		};
		4C81859F281BE37400411C6D /* Other */ = {
			isa = PBXGroup;
			children = (
				4C6CD307281977620015018F /* Assets.xcassets */,
				4C6CD30C281977620015018F /* Persistence.swift */,
			);
			path = Other;
			sourceTree = "<group>";
		};
		B46C76DEDC56B33C16A6938B /* Pods */ = {
			isa = PBXGroup;
			children = (
				8AC4BF09D817673EF5C0746F /* Pods-TaskManagerCoreDataSwiftUI.debug.xcconfig */,
				1AAE8390012E998EB3854669 /* Pods-TaskManagerCoreDataSwiftUI.release.xcconfig */,
			);
			path = Pods;
			sourceTree = "<group>";
		};
/* End PBXGroup section */

/* Begin PBXNativeTarget section */
		4C6CD2FF281977600015018F /* TaskManagerCoreDataSwiftUI */ = {
			isa = PBXNativeTarget;
			buildConfigurationList = 4C6CD313281977620015018F /* Build configuration list for PBXNativeTarget "TaskManagerCoreDataSwiftUI" */;
			buildPhases = (
				CEA5E50EC063E834E4CB4477 /* [CP] Check Pods Manifest.lock */,
				4C6CD2FC281977600015018F /* Sources */,
				4C6CD2FD281977600015018F /* Frameworks */,
				4C6CD2FE281977600015018F /* Resources */,
				E1037CB3931616AE78A96C26 /* [CP] Embed Pods Frameworks */,
			);
			buildRules = (
			);
			dependencies = (
			);
			name = TaskManagerCoreDataSwiftUI;
			productName = TaskManagerCoreDataSwiftUI;
			productReference = 4C6CD300281977600015018F /* TaskManagerCoreDataSwiftUI.app */;
			productType = "com.apple.product-type.application";
		};
/* End PBXNativeTarget section */

/* Begin PBXProject section */
		4C6CD2F8281977600015018F /* Project object */ = {
			isa = PBXProject;
			attributes = {
				BuildIndependentTargetsInParallel = 1;
				LastSwiftUpdateCheck = 1320;
				LastUpgradeCheck = 1320;
				TargetAttributes = {
					4C6CD2FF281977600015018F = {
						CreatedOnToolsVersion = 13.2.1;
					};
				};
			};
			buildConfigurationList = 4C6CD2FB281977600015018F /* Build configuration list for PBXProject "TaskManagerCoreDataSwiftUI" */;
			compatibilityVersion = "Xcode 13.0";
			developmentRegion = en;
			hasScannedForEncodings = 0;
			knownRegions = (
				en,
				Base,
			);
			mainGroup = 4C6CD2F7281977600015018F;
			productRefGroup = 4C6CD301281977600015018F /* Products */;
			projectDirPath = "";
			projectRoot = "";
			targets = (
				4C6CD2FF281977600015018F /* TaskManagerCoreDataSwiftUI */,
			);
		};
/* End PBXProject section */

/* Begin PBXResourcesBuildPhase section */
		4C6CD2FE281977600015018F /* Resources */ = {
			isa = PBXResourcesBuildPhase;
			buildActionMask = 2147483647;
			files = (
				4C6CD30B281977620015018F /* Preview Assets.xcassets in Resources */,
				4C6CD308281977620015018F /* Assets.xcassets in Resources */,
			);
			runOnlyForDeploymentPostprocessing = 0;
		};
/* End PBXResourcesBuildPhase section */

/* Begin PBXShellScriptBuildPhase section */
		CEA5E50EC063E834E4CB4477 /* [CP] Check Pods Manifest.lock */ = {
			isa = PBXShellScriptBuildPhase;
			buildActionMask = 2147483647;
			files = (
			);
			inputFileListPaths = (
			);
			inputPaths = (
				"${PODS_PODFILE_DIR_PATH}/Podfile.lock",
				"${PODS_ROOT}/Manifest.lock",
			);
			name = "[CP] Check Pods Manifest.lock";
			outputFileListPaths = (
			);
			outputPaths = (
				"$(DERIVED_FILE_DIR)/Pods-TaskManagerCoreDataSwiftUI-checkManifestLockResult.txt",
			);
			runOnlyForDeploymentPostprocessing = 0;
			shellPath = /bin/sh;
			shellScript = "diff \"${PODS_PODFILE_DIR_PATH}/Podfile.lock\" \"${PODS_ROOT}/Manifest.lock\" > /dev/null\nif [ $? != 0 ] ; then\n    # print error to STDERR\n    echo \"error: The sandbox is not in sync with the Podfile.lock. Run 'pod install' or update your CocoaPods installation.\" >&2\n    exit 1\nfi\n# This output is used by Xcode 'outputs' to avoid re-running this script phase.\necho \"SUCCESS\" > \"${SCRIPT_OUTPUT_FILE_0}\"\n";
			showEnvVarsInLog = 0;
		};
		E1037CB3931616AE78A96C26 /* [CP] Embed Pods Frameworks */ = {
			isa = PBXShellScriptBuildPhase;
			buildActionMask = 2147483647;
			files = (
			);
			inputFileListPaths = (
				"${PODS_ROOT}/Target Support Files/Pods-TaskManagerCoreDataSwiftUI/Pods-TaskManagerCoreDataSwiftUI-frameworks-${CONFIGURATION}-input-files.xcfilelist",
			);
			name = "[CP] Embed Pods Frameworks";
			outputFileListPaths = (
				"${PODS_ROOT}/Target Support Files/Pods-TaskManagerCoreDataSwiftUI/Pods-TaskManagerCoreDataSwiftUI-frameworks-${CONFIGURATION}-output-files.xcfilelist",
			);
			runOnlyForDeploymentPostprocessing = 0;
			shellPath = /bin/sh;
			shellScript = "\"${PODS_ROOT}/Target Support Files/Pods-TaskManagerCoreDataSwiftUI/Pods-TaskManagerCoreDataSwiftUI-frameworks.sh\"\n";
			showEnvVarsInLog = 0;
		};
/* End PBXShellScriptBuildPhase section */

/* Begin PBXSourcesBuildPhase section */
		4C6CD2FC281977600015018F /* Sources */ = {
			isa = PBXSourcesBuildPhase;
			buildActionMask = 2147483647;
			files = (
				4C6CD30D281977620015018F /* Persistence.swift in Sources */,
				4C6CD306281977600015018F /* ContentView.swift in Sources */,
				4C6CD304281977600015018F /* TaskManagerCoreDataSwiftUIApp.swift in Sources */,
				4C2F7008281A9E1B0036A1D4 /* NewTask.swift in Sources */,
				4C2F7006281A962A0036A1D4 /* DynamicFilteredView.swift in Sources */,
				4C2F6FFF281A8E4A0036A1D4 /* HomeView.swift in Sources */,
				4C2F6FFC281A8E260036A1D4 /* TaskViewModel.swift in Sources */,
				4C6CD310281977620015018F /* TaskManagerCoreDataSwiftUI.xcdatamodeld in Sources */,
			);
			runOnlyForDeploymentPostprocessing = 0;
		};
/* End PBXSourcesBuildPhase section */

/* Begin XCBuildConfiguration section */
		4C6CD311281977620015018F /* Debug */ = {
			isa = XCBuildConfiguration;
			buildSettings = {
				ALWAYS_SEARCH_USER_PATHS = NO;
				CLANG_ANALYZER_NONNULL = YES;
				CLANG_ANALYZER_NUMBER_OBJECT_CONVERSION = YES_AGGRESSIVE;
				CLANG_CXX_LANGUAGE_STANDARD = "gnu++17";
				CLANG_CXX_LIBRARY = "libc++";
				CLANG_ENABLE_MODULES = YES;
				CLANG_ENABLE_OBJC_ARC = YES;
				CLANG_ENABLE_OBJC_WEAK = YES;
				CLANG_WARN_BLOCK_CAPTURE_AUTORELEASING = YES;
				CLANG_WARN_BOOL_CONVERSION = YES;
				CLANG_WARN_COMMA = YES;
				CLANG_WARN_CONSTANT_CONVERSION = YES;
				CLANG_WARN_DEPRECATED_OBJC_IMPLEMENTATIONS = YES;
				CLANG_WARN_DIRECT_OBJC_ISA_USAGE = YES_ERROR;
				CLANG_WARN_DOCUMENTATION_COMMENTS = YES;
				CLANG_WARN_EMPTY_BODY = YES;
				CLANG_WARN_ENUM_CONVERSION = YES;
				CLANG_WARN_INFINITE_RECURSION = YES;
				CLANG_WARN_INT_CONVERSION = YES;
				CLANG_WARN_NON_LITERAL_NULL_CONVERSION = YES;
				CLANG_WARN_OBJC_IMPLICIT_RETAIN_SELF = YES;
				CLANG_WARN_OBJC_LITERAL_CONVERSION = YES;
				CLANG_WARN_OBJC_ROOT_CLASS = YES_ERROR;
				CLANG_WARN_QUOTED_INCLUDE_IN_FRAMEWORK_HEADER = YES;
				CLANG_WARN_RANGE_LOOP_ANALYSIS = YES;
				CLANG_WARN_STRICT_PROTOTYPES = YES;
				CLANG_WARN_SUSPICIOUS_MOVE = YES;
				CLANG_WARN_UNGUARDED_AVAILABILITY = YES_AGGRESSIVE;
				CLANG_WARN_UNREACHABLE_CODE = YES;
				CLANG_WARN__DUPLICATE_METHOD_MATCH = YES;
				COPY_PHASE_STRIP = NO;
				DEBUG_INFORMATION_FORMAT = dwarf;
				ENABLE_STRICT_OBJC_MSGSEND = YES;
				ENABLE_TESTABILITY = YES;
				GCC_C_LANGUAGE_STANDARD = gnu11;
				GCC_DYNAMIC_NO_PIC = NO;
				GCC_NO_COMMON_BLOCKS = YES;
				GCC_OPTIMIZATION_LEVEL = 0;
				GCC_PREPROCESSOR_DEFINITIONS = (
					"DEBUG=1",
					"$(inherited)",
				);
				GCC_WARN_64_TO_32_BIT_CONVERSION = YES;
				GCC_WARN_ABOUT_RETURN_TYPE = YES_ERROR;
				GCC_WARN_UNDECLARED_SELECTOR = YES;
				GCC_WARN_UNINITIALIZED_AUTOS = YES_AGGRESSIVE;
				GCC_WARN_UNUSED_FUNCTION = YES;
				GCC_WARN_UNUSED_VARIABLE = YES;
				IPHONEOS_DEPLOYMENT_TARGET = 15.2;
				MTL_ENABLE_DEBUG_INFO = INCLUDE_SOURCE;
				MTL_FAST_MATH = YES;
				ONLY_ACTIVE_ARCH = YES;
				SDKROOT = iphoneos;
				SWIFT_ACTIVE_COMPILATION_CONDITIONS = DEBUG;
				SWIFT_OPTIMIZATION_LEVEL = "-Onone";
			};
			name = Debug;
		};
		4C6CD312281977620015018F /* Release */ = {
			isa = XCBuildConfiguration;
			buildSettings = {
				ALWAYS_SEARCH_USER_PATHS = NO;
				CLANG_ANALYZER_NONNULL = YES;
				CLANG_ANALYZER_NUMBER_OBJECT_CONVERSION = YES_AGGRESSIVE;
				CLANG_CXX_LANGUAGE_STANDARD = "gnu++17";
				CLANG_CXX_LIBRARY = "libc++";
				CLANG_ENABLE_MODULES = YES;
				CLANG_ENABLE_OBJC_ARC = YES;
				CLANG_ENABLE_OBJC_WEAK = YES;
				CLANG_WARN_BLOCK_CAPTURE_AUTORELEASING = YES;
				CLANG_WARN_BOOL_CONVERSION = YES;
				CLANG_WARN_COMMA = YES;
				CLANG_WARN_CONSTANT_CONVERSION = YES;
				CLANG_WARN_DEPRECATED_OBJC_IMPLEMENTATIONS = YES;
				CLANG_WARN_DIRECT_OBJC_ISA_USAGE = YES_ERROR;
				CLANG_WARN_DOCUMENTATION_COMMENTS = YES;
				CLANG_WARN_EMPTY_BODY = YES;
				CLANG_WARN_ENUM_CONVERSION = YES;
				CLANG_WARN_INFINITE_RECURSION = YES;
				CLANG_WARN_INT_CONVERSION = YES;
				CLANG_WARN_NON_LITERAL_NULL_CONVERSION = YES;
				CLANG_WARN_OBJC_IMPLICIT_RETAIN_SELF = YES;
				CLANG_WARN_OBJC_LITERAL_CONVERSION = YES;
				CLANG_WARN_OBJC_ROOT_CLASS = YES_ERROR;
				CLANG_WARN_QUOTED_INCLUDE_IN_FRAMEWORK_HEADER = YES;
				CLANG_WARN_RANGE_LOOP_ANALYSIS = YES;
				CLANG_WARN_STRICT_PROTOTYPES = YES;
				CLANG_WARN_SUSPICIOUS_MOVE = YES;
				CLANG_WARN_UNGUARDED_AVAILABILITY = YES_AGGRESSIVE;
				CLANG_WARN_UNREACHABLE_CODE = YES;
				CLANG_WARN__DUPLICATE_METHOD_MATCH = YES;
				COPY_PHASE_STRIP = NO;
				DEBUG_INFORMATION_FORMAT = "dwarf-with-dsym";
				ENABLE_NS_ASSERTIONS = NO;
				ENABLE_STRICT_OBJC_MSGSEND = YES;
				GCC_C_LANGUAGE_STANDARD = gnu11;
				GCC_NO_COMMON_BLOCKS = YES;
				GCC_WARN_64_TO_32_BIT_CONVERSION = YES;
				GCC_WARN_ABOUT_RETURN_TYPE = YES_ERROR;
				GCC_WARN_UNDECLARED_SELECTOR = YES;
				GCC_WARN_UNINITIALIZED_AUTOS = YES_AGGRESSIVE;
				GCC_WARN_UNUSED_FUNCTION = YES;
				GCC_WARN_UNUSED_VARIABLE = YES;
				IPHONEOS_DEPLOYMENT_TARGET = 15.2;
				MTL_ENABLE_DEBUG_INFO = NO;
				MTL_FAST_MATH = YES;
				SDKROOT = iphoneos;
				SWIFT_COMPILATION_MODE = wholemodule;
				SWIFT_OPTIMIZATION_LEVEL = "-O";
				VALIDATE_PRODUCT = YES;
			};
			name = Release;
		};
		4C6CD314281977620015018F /* Debug */ = {
			isa = XCBuildConfiguration;
			baseConfigurationReference = 8AC4BF09D817673EF5C0746F /* Pods-TaskManagerCoreDataSwiftUI.debug.xcconfig */;
			buildSettings = {
				ASSETCATALOG_COMPILER_APPICON_NAME = AppIcon;
				ASSETCATALOG_COMPILER_GLOBAL_ACCENT_COLOR_NAME = AccentColor;
				CODE_SIGN_STYLE = Automatic;
				CURRENT_PROJECT_VERSION = 1;
				DEVELOPMENT_ASSET_PATHS = "\"TaskManagerCoreDataSwiftUI/Preview Content\"";
				DEVELOPMENT_TEAM = AJ4GPRL926;
				ENABLE_PREVIEWS = YES;
				GENERATE_INFOPLIST_FILE = YES;
				INFOPLIST_KEY_UIApplicationSceneManifest_Generation = YES;
				INFOPLIST_KEY_UIApplicationSupportsIndirectInputEvents = YES;
				INFOPLIST_KEY_UILaunchScreen_Generation = YES;
				INFOPLIST_KEY_UISupportedInterfaceOrientations_iPad = "UIInterfaceOrientationPortrait UIInterfaceOrientationPortraitUpsideDown UIInterfaceOrientationLandscapeLeft UIInterfaceOrientationLandscapeRight";
				INFOPLIST_KEY_UISupportedInterfaceOrientations_iPhone = "UIInterfaceOrientationPortrait UIInterfaceOrientationLandscapeLeft UIInterfaceOrientationLandscapeRight";
				IPHONEOS_DEPLOYMENT_TARGET = 15.0;
				LD_RUNPATH_SEARCH_PATHS = (
					"$(inherited)",
					"@executable_path/Frameworks",
				);
				MARKETING_VERSION = 1.0;
				PRODUCT_BUNDLE_IDENTIFIER = com.alexG.TaskManagerCoreDataSwiftUI;
				PRODUCT_NAME = "$(TARGET_NAME)";
				SWIFT_EMIT_LOC_STRINGS = YES;
				SWIFT_VERSION = 5.0;
				TARGETED_DEVICE_FAMILY = "1,2";
			};
			name = Debug;
		};
		4C6CD315281977620015018F /* Release */ = {
			isa = XCBuildConfiguration;
			baseConfigurationReference = 1AAE8390012E998EB3854669 /* Pods-TaskManagerCoreDataSwiftUI.release.xcconfig */;
			buildSettings = {
				ASSETCATALOG_COMPILER_APPICON_NAME = AppIcon;
				ASSETCATALOG_COMPILER_GLOBAL_ACCENT_COLOR_NAME = AccentColor;
				CODE_SIGN_STYLE = Automatic;
				CURRENT_PROJECT_VERSION = 1;
				DEVELOPMENT_ASSET_PATHS = "\"TaskManagerCoreDataSwiftUI/Preview Content\"";
				DEVELOPMENT_TEAM = AJ4GPRL926;
				ENABLE_PREVIEWS = YES;
				GENERATE_INFOPLIST_FILE = YES;
				INFOPLIST_KEY_UIApplicationSceneManifest_Generation = YES;
				INFOPLIST_KEY_UIApplicationSupportsIndirectInputEvents = YES;
				INFOPLIST_KEY_UILaunchScreen_Generation = YES;
				INFOPLIST_KEY_UISupportedInterfaceOrientations_iPad = "UIInterfaceOrientationPortrait UIInterfaceOrientationPortraitUpsideDown UIInterfaceOrientationLandscapeLeft UIInterfaceOrientationLandscapeRight";
				INFOPLIST_KEY_UISupportedInterfaceOrientations_iPhone = "UIInterfaceOrientationPortrait UIInterfaceOrientationLandscapeLeft UIInterfaceOrientationLandscapeRight";
				IPHONEOS_DEPLOYMENT_TARGET = 15.0;
				LD_RUNPATH_SEARCH_PATHS = (
					"$(inherited)",
					"@executable_path/Frameworks",
				);
				MARKETING_VERSION = 1.0;
				PRODUCT_BUNDLE_IDENTIFIER = com.alexG.TaskManagerCoreDataSwiftUI;
				PRODUCT_NAME = "$(TARGET_NAME)";
				SWIFT_EMIT_LOC_STRINGS = YES;
				SWIFT_VERSION = 5.0;
				TARGETED_DEVICE_FAMILY = "1,2";
			};
			name = Release;
		};
/* End XCBuildConfiguration section */

/* Begin XCConfigurationList section */
		4C6CD2FB281977600015018F /* Build configuration list for PBXProject "TaskManagerCoreDataSwiftUI" */ = {
			isa = XCConfigurationList;
			buildConfigurations = (
				4C6CD311281977620015018F /* Debug */,
				4C6CD312281977620015018F /* Release */,
			);
			defaultConfigurationIsVisible = 0;
			defaultConfigurationName = Release;
		};
		4C6CD313281977620015018F /* Build configuration list for PBXNativeTarget "TaskManagerCoreDataSwiftUI" */ = {
			isa = XCConfigurationList;
			buildConfigurations = (
				4C6CD314281977620015018F /* Debug */,
				4C6CD315281977620015018F /* Release */,
			);
			defaultConfigurationIsVisible = 0;
			defaultConfigurationName = Release;
		};
/* End XCConfigurationList section */

/* Begin XCVersionGroup section */
		4C6CD30E281977620015018F /* TaskManagerCoreDataSwiftUI.xcdatamodeld */ = {
			isa = XCVersionGroup;
			children = (
				4C6CD30F281977620015018F /* TaskManagerCoreDataSwiftUI.xcdatamodel */,
			);
			currentVersion = 4C6CD30F281977620015018F /* TaskManagerCoreDataSwiftUI.xcdatamodel */;
			path = TaskManagerCoreDataSwiftUI.xcdatamodeld;
			sourceTree = "<group>";
			versionGroupType = wrapper.xcdatamodel;
		};
/* End XCVersionGroup section */
	};
	rootObject = 4C6CD2F8281977600015018F /* Project object */;
}
